schema: '2.0'
stages:
  preparation:
    cmd: mkdir -p data/processed && PYTHONPATH=src python src/utility/dataset.py data/raw/ground-truth/
      data/processed/ --split=0.2 --seed=3
    deps:
    - path: data/raw/ground-truth/
      md5: 1a714301a27d7bce2a0ca8969a31bf48.dir
      size: 769761
      nfiles: 124
    - path: src/core
      md5: e2d11e0ea99dd79ab5f745eadcbd0caa.dir
      size: 36648
      nfiles: 5
    - path: src/utility/dataset.py
      md5: ce75265d2bcdb878c2f1c6bcdc28f3c3
      size: 2508
    outs:
    - path: data/processed
      md5: 5fb3272d5eb51960ae27d77e33c80272.dir
      size: 82451
      nfiles: 2
  prediction:
    cmd: mkdir -p data/pred && PYTHONPATH=src python src/core/main.py data/raw/cv/
      data/pred
    deps:
    - path: data/raw/cv
      md5: 9d4d19058b457f8a45a4d5ccf6f0f9c6.dir
      size: 16522042
      nfiles: 124
    - path: src/core
      md5: e2d11e0ea99dd79ab5f745eadcbd0caa.dir
      size: 36648
      nfiles: 5
    outs:
    - path: data/pred
      md5: 5fed60c28315620cba6fca6c1dece52f.dir
      size: 18107841
      nfiles: 124
  evaluation:
    cmd: papermill "Notebooks/EvaluationMetrics/Evaluation metrics.ipynb" ./build/reports/classification.ipynb
      -p path Notebooks/EvaluationMetrics -p reports_path ./reports -k python3
    deps:
    - path: Notebooks/EvaluationMetrics/Evaluation metrics.ipynb
      md5: cf32ceda4b988427455aa31f46ce2ac4
      size: 232308
    - path: data/pred/
      md5: 5fed60c28315620cba6fca6c1dece52f.dir
      size: 18107841
      nfiles: 124
    - path: data/raw/ground-truth/
      md5: 1a714301a27d7bce2a0ca8969a31bf48.dir
      size: 769761
      nfiles: 124
    outs:
    - path: reports/classification.txt
      md5: 3e2b7cd5d906409ef9a9c1f664bd8f64
      size: 938
